
Microsoft Visual Studio Solution File, Format Version 12.00
# Visual Studio Version 17
VisualStudioVersion = 17.8.34525.116
MinimumVisualStudioVersion = 10.0.40219.1
Project("{9A19103F-16F7-4668-BE54-9A1E7A4F7556}") = "Nagornev.Querer.Http", "Nagornev.Querer.Http\Nagornev.Querer.Http.csproj", "{4440CF55-10EB-4B57-AEFD-3AA9804DBEAB}"
EndProject
Global
	GlobalSection(SolutionConfigurationPlatforms) = preSolution
		Debug|Any CPU = Debug|Any CPU
		Release|Any CPU = Release|Any CPU
	EndGlobalSection
	GlobalSection(ProjectConfigurationPlatforms) = postSolution
		{4440CF55-10EB-4B57-AEFD-3AA9804DBEAB}.Debug|Any CPU.ActiveCfg = Debug|Any CPU
		{4440CF55-10EB-4B57-AEFD-3AA9804DBEAB}.Debug|Any CPU.Build.0 = Debug|Any CPU
		{4440CF55-10EB-4B57-AEFD-3AA9804DBEAB}.Release|Any CPU.ActiveCfg = Release|Any CPU
		{4440CF55-10EB-4B57-AEFD-3AA9804DBEAB}.Release|Any CPU.Build.0 = Release|Any CPU
	EndGlobalSection
	GlobalSection(SolutionProperties) = preSolution
		HideSolutionNode = FALSE
	EndGlobalSection
	GlobalSection(ExtensibilityGlobals) = postSolution
		SolutionGuid = {FDDABF74-3EAB-435E-92CF-DBBD3F69B628}
	EndGlobalSection
EndGlobal
